# @generated by Move, please check-in and do not edit manually.

[move]
version = 3
manifest_digest = "DEA7C65378BD3253D73B83F435D6FC6E82866AF477198E30D1D0579C75E19CD1"
deps_digest = "F8BBB0CCB2491CA29A3DF03D6F92277A4F3574266507ACD77214D37ECA3F3082"
dependencies = [
  { id = "Sui", name = "Sui" },
]

[[move.package]]
id = "MoveStdlib"
source = { git = "https://github.com/MystenLabs/sui.git", rev = "framework/testnet", subdir = "crates/sui-framework/packages/move-stdlib" }

[[move.package]]
id = "Sui"
source = { git = "https://github.com/MystenLabs/sui.git", rev = "framework/testnet", subdir = "crates/sui-framework/packages/sui-framework" }

dependencies = [
  { id = "MoveStdlib", name = "MoveStdlib" },
]

[move.toolchain-version]
compiler-version = "1.39.0"
edition = "2024.beta"
flavor = "sui"

[env]

[env.devnet]
chain-id = "54f83c42"
original-published-id = "0xe88a19df3bc8577468014d6fa0b614828e5ef30c9cd918605d66eb2882c67859"
latest-published-id = "0xe88a19df3bc8577468014d6fa0b614828e5ef30c9cd918605d66eb2882c67859"
published-version = "1"
